
Microsoft Visual Studio Solution File, Format Version 12.00
# Visual Studio Version 17
VisualStudioVersion = 17.3.32929.385
MinimumVisualStudioVersion = 10.0.40219.1
Project("{9A19103F-16F7-4668-BE54-9A1E7A4F7556}") = "L02_PSSC", "L02_PSSC.csproj", "{0A26C867-3B73-4BE6-98F3-ECB84D615F89}"
EndProject
Global
	GlobalSection(SolutionConfigurationPlatforms) = preSolution
		Debug|Any CPU = Debug|Any CPU
		Release|Any CPU = Release|Any CPU
	EndGlobalSection
	GlobalSection(ProjectConfigurationPlatforms) = postSolution
		{0A26C867-3B73-4BE6-98F3-ECB84D615F89}.Debug|Any CPU.ActiveCfg = Debug|Any CPU
		{0A26C867-3B73-4BE6-98F3-ECB84D615F89}.Debug|Any CPU.Build.0 = Debug|Any CPU
		{0A26C867-3B73-4BE6-98F3-ECB84D615F89}.Release|Any CPU.ActiveCfg = Release|Any CPU
		{0A26C867-3B73-4BE6-98F3-ECB84D615F89}.Release|Any CPU.Build.0 = Release|Any CPU
	EndGlobalSection
	GlobalSection(SolutionProperties) = preSolution
		HideSolutionNode = FALSE
	EndGlobalSection
	GlobalSection(ExtensibilityGlobals) = postSolution
		SolutionGuid = {8B572F2A-9E5A-4CFE-BBB5-02283E38B4B3}
	EndGlobalSection
EndGlobal
